
Microsoft Visual Studio Solution File, Format Version 12.00
# Visual Studio Version 17
VisualStudioVersion = 17.2.32616.157
MinimumVisualStudioVersion = 10.0.40219.1
Project("{FAE04EC0-301F-11D3-BF4B-00C04F79EFBC}") = "AlumnosAPI", "AlumnosAPI\AlumnosAPI.csproj", "{59195C90-A54F-4ED8-B398-BF4392F06F27}"
EndProject
Global
	GlobalSection(SolutionConfigurationPlatforms) = preSolution
		Debug|Any CPU = Debug|Any CPU
		Release|Any CPU = Release|Any CPU
	EndGlobalSection
	GlobalSection(ProjectConfigurationPlatforms) = postSolution
		{59195C90-A54F-4ED8-B398-BF4392F06F27}.Debug|Any CPU.ActiveCfg = Debug|Any CPU
		{59195C90-A54F-4ED8-B398-BF4392F06F27}.Debug|Any CPU.Build.0 = Debug|Any CPU
		{59195C90-A54F-4ED8-B398-BF4392F06F27}.Release|Any CPU.ActiveCfg = Release|Any CPU
		{59195C90-A54F-4ED8-B398-BF4392F06F27}.Release|Any CPU.Build.0 = Release|Any CPU
	EndGlobalSection
	GlobalSection(SolutionProperties) = preSolution
		HideSolutionNode = FALSE
	EndGlobalSection
	GlobalSection(ExtensibilityGlobals) = postSolution
		SolutionGuid = {A2B89232-9FBD-4B76-B7A6-0344FA760442}
	EndGlobalSection
EndGlobal
